<?xml version="1.0" encoding="UTF-8"?>
<CONFIG>
  <ProjectOptions>
    <Version Value="12"/>
    <General>
      <Flags>
        <CompatibilityMode Value="True"/>
      </Flags>
      <SessionStorage Value="InProjectDir"/>
      <Title Value="ADBManager v3.9"/>
      <Scaled Value="True"/>
      <ResourceType Value="res"/>
      <UseXPManifest Value="True"/>
      <XPManifest>
        <DpiAware Value="True"/>
      </XPManifest>
      <Icon Value="0"/>
    </General>
    <i18n>
      <EnableI18N Value="True"/>
      <OutDir Value="languages"/>
    </i18n>
    <BuildModes Count="2">
      <Item1 Name="Default" Default="True"/>
      <Item2 Name="Debug">
        <CompilerOptions>
          <Version Value="11"/>
          <Target>
            <Filename Value="adbmanager"/>
          </Target>
          <SearchPaths>
            <IncludeFiles Value="$(ProjOutDir)"/>
            <UnitOutputDirectory Value="lib/$(TargetCPU)-$(TargetOS)"/>
          </SearchPaths>
          <Parsing>
            <SyntaxOptions>
              <IncludeAssertionCode Value="True"/>
            </SyntaxOptions>
          </Parsing>
          <CodeGeneration>
            <Checks>
              <IOChecks Value="True"/>
              <RangeChecks Value="True"/>
              <OverflowChecks Value="True"/>
              <StackChecks Value="True"/>
            </Checks>
            <VerifyObjMethodCallValidity Value="True"/>
          </CodeGeneration>
          <Linking>
            <Debugging>
              <DebugInfoType Value="dsDwarf2Set"/>
              <UseHeaptrc Value="True"/>
              <TrashVariables Value="True"/>
              <UseExternalDbgSyms Value="True"/>
            </Debugging>
            <Options>
              <Win32>
                <GraphicApplication Value="True"/>
              </Win32>
            </Options>
          </Linking>
        </CompilerOptions>
      </Item2>
      <SharedMatrixOptions Count="2">
        <Item1 ID="721200149616" Type="IDEMacro" MacroName="LCLWidgetType" Value="gtk2"/>
        <Item2 ID="690790766239" Type="IDEMacro" MacroName="LCLWidgetType" Value="qt6"/>
      </SharedMatrixOptions>
    </BuildModes>
    <PublishOptions>
      <Version Value="2"/>
      <UseFileFilters Value="True"/>
    </PublishOptions>
    <RunParams>
      <FormatVersion Value="2"/>
    </RunParams>
    <RequiredPackages Count="1">
      <Item1>
        <PackageName Value="LCL"/>
      </Item1>
    </RequiredPackages>
    <Units Count="17">
      <Unit0>
        <Filename Value="adbmanager.pas"/>
        <IsPartOfProject Value="True"/>
      </Unit0>
      <Unit1>
        <Filename Value="unit1.pas"/>
        <IsPartOfProject Value="True"/>
        <ComponentName Value="MainForm"/>
        <HasResources Value="True"/>
        <ResourceBaseClass Value="Form"/>
        <UnitName Value="Unit1"/>
      </Unit1>
      <Unit2>
        <Filename Value="adbdevicestatustrd.pas"/>
        <IsPartOfProject Value="True"/>
        <UnitName Value="ADBDeviceStatusTRD"/>
      </Unit2>
      <Unit3>
        <Filename Value="adbcommandtrd.pas"/>
        <IsPartOfProject Value="True"/>
        <UnitName Value="ADBCommandTRD"/>
      </Unit3>
      <Unit4>
        <Filename Value="rebootunit.pas"/>
        <IsPartOfProject Value="True"/>
        <ComponentName Value="RebootForm"/>
        <HasResources Value="True"/>
        <ResourceBaseClass Value="Form"/>
        <UnitName Value="RebootUnit"/>
      </Unit4>
      <Unit5>
        <Filename Value="sdcardmanager.pas"/>
        <IsPartOfProject Value="True"/>
        <ComponentName Value="SDForm"/>
        <HasResources Value="True"/>
        <ResourceBaseClass Value="Form"/>
        <UnitName Value="SDCardManager"/>
      </Unit5>
      <Unit6>
        <Filename Value="sdcommandtrd.pas"/>
        <IsPartOfProject Value="True"/>
        <UnitName Value="SDCommandTRD"/>
      </Unit6>
      <Unit7>
        <Filename Value="lssdfoldertrd.pas"/>
        <IsPartOfProject Value="True"/>
        <UnitName Value="LSSDFolderTRD"/>
      </Unit7>
      <Unit8>
        <Filename Value="emulatorunit.pas"/>
        <IsPartOfProject Value="True"/>
        <ComponentName Value="EmulatorForm"/>
        <HasResources Value="True"/>
        <ResourceBaseClass Value="Form"/>
        <UnitName Value="EmulatorUnit"/>
      </Unit8>
      <Unit9>
        <Filename Value="sdmountpointtrd.pas"/>
        <IsPartOfProject Value="True"/>
        <UnitName Value="SDMountPointTRD"/>
      </Unit9>
      <Unit10>
        <Filename Value="checkunit.pas"/>
        <IsPartOfProject Value="True"/>
        <ComponentName Value="CheckForm"/>
        <HasResources Value="True"/>
        <ResourceBaseClass Value="Form"/>
        <UnitName Value="CheckUnit"/>
      </Unit10>
      <Unit11>
        <Filename Value="readappstrdunit.pas"/>
        <IsPartOfProject Value="True"/>
        <UnitName Value="ReadAppsTRDUnit"/>
      </Unit11>
      <Unit12>
        <Filename Value="settings_unit.pas"/>
        <IsPartOfProject Value="True"/>
        <ComponentName Value="SettingsForm"/>
        <HasResources Value="True"/>
        <ResourceBaseClass Value="Form"/>
        <UnitName Value="Settings_Unit"/>
      </Unit12>
      <Unit13>
        <Filename Value="readsettingstrdunit.pas"/>
        <IsPartOfProject Value="True"/>
        <UnitName Value="ReadSettingsTRDUnit"/>
      </Unit13>
      <Unit14>
        <Filename Value="writesettingstrdunit.pas"/>
        <IsPartOfProject Value="True"/>
        <UnitName Value="WriteSettingsTRDUnit"/>
      </Unit14>
      <Unit15>
        <Filename Value="xdgopentrd.pas"/>
        <IsPartOfProject Value="True"/>
        <UnitName Value="XDGOpenTRD"/>
      </Unit15>
      <Unit16>
        <Filename Value="cputemperature.pas"/>
        <IsPartOfProject Value="True"/>
        <UnitName Value="CPUTemperature"/>
      </Unit16>
    </Units>
  </ProjectOptions>
  <CompilerOptions>
    <Version Value="11"/>
    <Target>
      <Filename Value="adbmanager"/>
    </Target>
    <SearchPaths>
      <IncludeFiles Value="$(ProjOutDir)"/>
      <UnitOutputDirectory Value="lib/$(TargetCPU)-$(TargetOS)"/>
    </SearchPaths>
    <Linking>
      <Options>
        <Win32>
          <GraphicApplication Value="True"/>
        </Win32>
      </Options>
    </Linking>
  </CompilerOptions>
  <Debugging>
    <Exceptions Count="3">
      <Item1>
        <Name Value="EAbort"/>
      </Item1>
      <Item2>
        <Name Value="ECodetoolError"/>
      </Item2>
      <Item3>
        <Name Value="EFOpenError"/>
      </Item3>
    </Exceptions>
  </Debugging>
</CONFIG>
